// !$*UTF8*$!
{
	archiveVersion = 1;
	classes = {
	};
	objectVersion = 51;
	objects = {

/* Begin PBXBuildFile section */
		0C46C09AA505B23410B3679F /* Pods_MyPlaces.framework in Frameworks */ = {isa = PBXBuildFile; fileRef = 765EADB9999EC73DE9F22092 /* Pods_MyPlaces.framework */; };
		7B10CE6A2459B5050050D954 /* NewPlaceViewController.swift in Sources */ = {isa = PBXBuildFile; fileRef = 7B10CE692459B5050050D954 /* NewPlaceViewController.swift */; };
		7B11E8AE245202AD003882C0 /* AppDelegate.swift in Sources */ = {isa = PBXBuildFile; fileRef = 7B11E8AD245202AD003882C0 /* AppDelegate.swift */; };
		7B11E8B5245202AD003882C0 /* Main.storyboard in Resources */ = {isa = PBXBuildFile; fileRef = 7B11E8B3245202AD003882C0 /* Main.storyboard */; };
		7B11E8B7245202AE003882C0 /* Assets.xcassets in Resources */ = {isa = PBXBuildFile; fileRef = 7B11E8B6245202AE003882C0 /* Assets.xcassets */; };
		7B11E8BA245202AE003882C0 /* LaunchScreen.storyboard in Resources */ = {isa = PBXBuildFile; fileRef = 7B11E8B8245202AE003882C0 /* LaunchScreen.storyboard */; };
		7B11E8C224520964003882C0 /* MainViewController.swift in Sources */ = {isa = PBXBuildFile; fileRef = 7B11E8C124520963003882C0 /* MainViewController.swift */; };
		7B5ED8A62469A052001372B2 /* MapViewController.swift in Sources */ = {isa = PBXBuildFile; fileRef = 7B5ED8A52469A052001372B2 /* MapViewController.swift */; };
		7B649C232486E2F500A416E9 /* SceneDelegate.swift in Sources */ = {isa = PBXBuildFile; fileRef = 7B649C222486E2F500A416E9 /* SceneDelegate.swift */; };
		7B8ACD7F2460567C00E5A13F /* StorageManager.swift in Sources */ = {isa = PBXBuildFile; fileRef = 7B8ACD7E2460567C00E5A13F /* StorageManager.swift */; };
		7B8E303024858C3400A13E8F /* MapManager.swift in Sources */ = {isa = PBXBuildFile; fileRef = 7B8E302F24858C3400A13E8F /* MapManager.swift */; };
		7BBC6FAE24588DC9003AE09F /* CustomTableViewCell.swift in Sources */ = {isa = PBXBuildFile; fileRef = 7BBC6FAD24588DC9003AE09F /* CustomTableViewCell.swift */; };
		7BBC6FB024589B1A003AE09F /* PlaceModel.swift in Sources */ = {isa = PBXBuildFile; fileRef = 7BBC6FAF24589B1A003AE09F /* PlaceModel.swift */; };
		7BF19FE92468001600427D45 /* RaitingControl.swift in Sources */ = {isa = PBXBuildFile; fileRef = 7BF19FE82468001600427D45 /* RaitingControl.swift */; };
/* End PBXBuildFile section */

/* Begin PBXFileReference section */
		145AD7C1204258220E158046 /* Pods-MyPlaces.release.xcconfig */ = {isa = PBXFileReference; includeInIndex = 1; lastKnownFileType = text.xcconfig; name = "Pods-MyPlaces.release.xcconfig"; path = "Target Support Files/Pods-MyPlaces/Pods-MyPlaces.release.xcconfig"; sourceTree = "<group>"; };
		3E72D3FCE806588DE564D2B0 /* Pods-MyPlaces.debug.xcconfig */ = {isa = PBXFileReference; includeInIndex = 1; lastKnownFileType = text.xcconfig; name = "Pods-MyPlaces.debug.xcconfig"; path = "Target Support Files/Pods-MyPlaces/Pods-MyPlaces.debug.xcconfig"; sourceTree = "<group>"; };
		765EADB9999EC73DE9F22092 /* Pods_MyPlaces.framework */ = {isa = PBXFileReference; explicitFileType = wrapper.framework; includeInIndex = 0; path = Pods_MyPlaces.framework; sourceTree = BUILT_PRODUCTS_DIR; };
		7B10CE692459B5050050D954 /* NewPlaceViewController.swift */ = {isa = PBXFileReference; lastKnownFileType = sourcecode.swift; path = NewPlaceViewController.swift; sourceTree = "<group>"; };
		7B11E8AA245202AD003882C0 /* MyPlaces.app */ = {isa = PBXFileReference; explicitFileType = wrapper.application; includeInIndex = 0; path = MyPlaces.app; sourceTree = BUILT_PRODUCTS_DIR; };
		7B11E8AD245202AD003882C0 /* AppDelegate.swift */ = {isa = PBXFileReference; lastKnownFileType = sourcecode.swift; path = AppDelegate.swift; sourceTree = "<group>"; };
		7B11E8B4245202AD003882C0 /* Base */ = {isa = PBXFileReference; lastKnownFileType = file.storyboard; name = Base; path = Base.lproj/Main.storyboard; sourceTree = "<group>"; };
		7B11E8B6245202AE003882C0 /* Assets.xcassets */ = {isa = PBXFileReference; lastKnownFileType = folder.assetcatalog; path = Assets.xcassets; sourceTree = "<group>"; };
		7B11E8B9245202AE003882C0 /* Base */ = {isa = PBXFileReference; lastKnownFileType = file.storyboard; name = Base; path = Base.lproj/LaunchScreen.storyboard; sourceTree = "<group>"; };
		7B11E8BB245202AE003882C0 /* Info.plist */ = {isa = PBXFileReference; lastKnownFileType = text.plist.xml; path = Info.plist; sourceTree = "<group>"; };
		7B11E8C124520963003882C0 /* MainViewController.swift */ = {isa = PBXFileReference; lastKnownFileType = sourcecode.swift; path = MainViewController.swift; sourceTree = "<group>"; };
		7B5ED8A52469A052001372B2 /* MapViewController.swift */ = {isa = PBXFileReference; lastKnownFileType = sourcecode.swift; path = MapViewController.swift; sourceTree = "<group>"; };
		7B649C222486E2F500A416E9 /* SceneDelegate.swift */ = {isa = PBXFileReference; lastKnownFileType = sourcecode.swift; path = SceneDelegate.swift; sourceTree = "<group>"; };
		7B8ACD7E2460567C00E5A13F /* StorageManager.swift */ = {isa = PBXFileReference; lastKnownFileType = sourcecode.swift; path = StorageManager.swift; sourceTree = "<group>"; };
		7B8E302F24858C3400A13E8F /* MapManager.swift */ = {isa = PBXFileReference; lastKnownFileType = sourcecode.swift; path = MapManager.swift; sourceTree = "<group>"; };
		7BBC6FAD24588DC9003AE09F /* CustomTableViewCell.swift */ = {isa = PBXFileReference; lastKnownFileType = sourcecode.swift; path = CustomTableViewCell.swift; sourceTree = "<group>"; };
		7BBC6FAF24589B1A003AE09F /* PlaceModel.swift */ = {isa = PBXFileReference; lastKnownFileType = sourcecode.swift; path = PlaceModel.swift; sourceTree = "<group>"; };
		7BF19FE82468001600427D45 /* RaitingControl.swift */ = {isa = PBXFileReference; lastKnownFileType = sourcecode.swift; path = RaitingControl.swift; sourceTree = "<group>"; };
/* End PBXFileReference section */

/* Begin PBXFrameworksBuildPhase section */
		7B11E8A7245202AD003882C0 /* Frameworks */ = {
			isa = PBXFrameworksBuildPhase;
			buildActionMask = 2147483647;
			files = (
				0C46C09AA505B23410B3679F /* Pods_MyPlaces.framework in Frameworks */,
			);
			runOnlyForDeploymentPostprocessing = 0;
		};
/* End PBXFrameworksBuildPhase section */

/* Begin PBXGroup section */
		4A88DF719FFD9A4B03A63311 /* Pods */ = {
			isa = PBXGroup;
			children = (
				3E72D3FCE806588DE564D2B0 /* Pods-MyPlaces.debug.xcconfig */,
				145AD7C1204258220E158046 /* Pods-MyPlaces.release.xcconfig */,
			);
			path = Pods;
			sourceTree = "<group>";
		};
		5CEBD526F099149DE0D95689 /* Frameworks */ = {
			isa = PBXGroup;
			children = (
				765EADB9999EC73DE9F22092 /* Pods_MyPlaces.framework */,
			);
			name = Frameworks;
			sourceTree = "<group>";
		};
		7B11E8A1245202AD003882C0 = {
			isa = PBXGroup;
			children = (
				7B11E8AC245202AD003882C0 /* MyPlaces */,
				7B11E8AB245202AD003882C0 /* Products */,
				4A88DF719FFD9A4B03A63311 /* Pods */,
				5CEBD526F099149DE0D95689 /* Frameworks */,
			);
			sourceTree = "<group>";
		};
		7B11E8AB245202AD003882C0 /* Products */ = {
			isa = PBXGroup;
			children = (
				7B11E8AA245202AD003882C0 /* MyPlaces.app */,
			);
			name = Products;
			sourceTree = "<group>";
		};
		7B11E8AC245202AD003882C0 /* MyPlaces */ = {
			isa = PBXGroup;
			children = (
				7B5420442486DE8A00219C5F /* ViewControllers */,
				7B5420462486DFDE00219C5F /* Helpers */,
				7B5420482486E0C500219C5F /* IBuilder */,
				7B5420452486DFAE00219C5F /* Models */,
				7B5420472486E01800219C5F /* Support Files */,
				7B649C222486E2F500A416E9 /* SceneDelegate.swift */,
			);
			path = MyPlaces;
			sourceTree = "<group>";
		};
		7B5420442486DE8A00219C5F /* ViewControllers */ = {
			isa = PBXGroup;
			children = (
				7B10CE692459B5050050D954 /* NewPlaceViewController.swift */,
				7B5ED8A52469A052001372B2 /* MapViewController.swift */,
				7BBC6FAD24588DC9003AE09F /* CustomTableViewCell.swift */,
				7B11E8C124520963003882C0 /* MainViewController.swift */,
			);
			path = ViewControllers;
			sourceTree = "<group>";
		};
		7B5420452486DFAE00219C5F /* Models */ = {
			isa = PBXGroup;
			children = (
				7BBC6FAF24589B1A003AE09F /* PlaceModel.swift */,
			);
			path = Models;
			sourceTree = "<group>";
		};
		7B5420462486DFDE00219C5F /* Helpers */ = {
			isa = PBXGroup;
			children = (
				7B8ACD7E2460567C00E5A13F /* StorageManager.swift */,
				7BF19FE82468001600427D45 /* RaitingControl.swift */,
				7B8E302F24858C3400A13E8F /* MapManager.swift */,
			);
			path = Helpers;
			sourceTree = "<group>";
		};
		7B5420472486E01800219C5F /* Support Files */ = {
			isa = PBXGroup;
			children = (
				7B11E8BB245202AE003882C0 /* Info.plist */,
				7B11E8B6245202AE003882C0 /* Assets.xcassets */,
				7B11E8AD245202AD003882C0 /* AppDelegate.swift */,
			);
			path = "Support Files";
			sourceTree = "<group>";
		};
		7B5420482486E0C500219C5F /* IBuilder */ = {
			isa = PBXGroup;
			children = (
				7B11E8B8245202AE003882C0 /* LaunchScreen.storyboard */,
				7B11E8B3245202AD003882C0 /* Main.storyboard */,
			);
			path = IBuilder;
			sourceTree = "<group>";
		};
/* End PBXGroup section */

/* Begin PBXNativeTarget section */
		7B11E8A9245202AD003882C0 /* MyPlaces */ = {
			isa = PBXNativeTarget;
			buildConfigurationList = 7B11E8BE245202AE003882C0 /* Build configuration list for PBXNativeTarget "MyPlaces" */;
			buildPhases = (
				2435175178314E026527A06D /* [CP] Check Pods Manifest.lock */,
				7B11E8A6245202AD003882C0 /* Sources */,
				7B11E8A7245202AD003882C0 /* Frameworks */,
				7B11E8A8245202AD003882C0 /* Resources */,
				A23DB10FE4A40BAACD05E2AF /* [CP] Embed Pods Frameworks */,
			);
			buildRules = (
			);
			dependencies = (
			);
			name = MyPlaces;
			productName = MyPlaces;
			productReference = 7B11E8AA245202AD003882C0 /* MyPlaces.app */;
			productType = "com.apple.product-type.application";
		};
/* End PBXNativeTarget section */

/* Begin PBXProject section */
		7B11E8A2245202AD003882C0 /* Project object */ = {
			isa = PBXProject;
			attributes = {
				LastSwiftUpdateCheck = 1140;
				LastUpgradeCheck = 1140;
				ORGANIZATIONNAME = "Виктор Марусин";
				TargetAttributes = {
					7B11E8A9245202AD003882C0 = {
						CreatedOnToolsVersion = 11.4.1;
					};
				};
			};
			buildConfigurationList = 7B11E8A5245202AD003882C0 /* Build configuration list for PBXProject "MyPlaces" */;
			compatibilityVersion = "Xcode 9.3";
			developmentRegion = en;
			hasScannedForEncodings = 0;
			knownRegions = (
				en,
				Base,
			);
			mainGroup = 7B11E8A1245202AD003882C0;
			productRefGroup = 7B11E8AB245202AD003882C0 /* Products */;
			projectDirPath = "";
			projectRoot = "";
			targets = (
				7B11E8A9245202AD003882C0 /* MyPlaces */,
			);
		};
/* End PBXProject section */

/* Begin PBXResourcesBuildPhase section */
		7B11E8A8245202AD003882C0 /* Resources */ = {
			isa = PBXResourcesBuildPhase;
			buildActionMask = 2147483647;
			files = (
				7B11E8BA245202AE003882C0 /* LaunchScreen.storyboard in Resources */,
				7B11E8B7245202AE003882C0 /* Assets.xcassets in Resources */,
				7B11E8B5245202AD003882C0 /* Main.storyboard in Resources */,
			);
			runOnlyForDeploymentPostprocessing = 0;
		};
/* End PBXResourcesBuildPhase section */

/* Begin PBXShellScriptBuildPhase section */
		2435175178314E026527A06D /* [CP] Check Pods Manifest.lock */ = {
			isa = PBXShellScriptBuildPhase;
			buildActionMask = 2147483647;
			files = (
			);
			inputFileListPaths = (
			);
			inputPaths = (
				"${PODS_PODFILE_DIR_PATH}/Podfile.lock",
				"${PODS_ROOT}/Manifest.lock",
			);
			name = "[CP] Check Pods Manifest.lock";
			outputFileListPaths = (
			);
			outputPaths = (
				"$(DERIVED_FILE_DIR)/Pods-MyPlaces-checkManifestLockResult.txt",
			);
			runOnlyForDeploymentPostprocessing = 0;
			shellPath = /bin/sh;
			shellScript = "diff \"${PODS_PODFILE_DIR_PATH}/Podfile.lock\" \"${PODS_ROOT}/Manifest.lock\" > /dev/null\nif [ $? != 0 ] ; then\n    # print error to STDERR\n    echo \"error: The sandbox is not in sync with the Podfile.lock. Run 'pod install' or update your CocoaPods installation.\" >&2\n    exit 1\nfi\n# This output is used by Xcode 'outputs' to avoid re-running this script phase.\necho \"SUCCESS\" > \"${SCRIPT_OUTPUT_FILE_0}\"\n";
			showEnvVarsInLog = 0;
		};
		A23DB10FE4A40BAACD05E2AF /* [CP] Embed Pods Frameworks */ = {
			isa = PBXShellScriptBuildPhase;
			buildActionMask = 2147483647;
			files = (
			);
			inputFileListPaths = (
				"${PODS_ROOT}/Target Support Files/Pods-MyPlaces/Pods-MyPlaces-frameworks-${CONFIGURATION}-input-files.xcfilelist",
			);
			name = "[CP] Embed Pods Frameworks";
			outputFileListPaths = (
				"${PODS_ROOT}/Target Support Files/Pods-MyPlaces/Pods-MyPlaces-frameworks-${CONFIGURATION}-output-files.xcfilelist",
			);
			runOnlyForDeploymentPostprocessing = 0;
			shellPath = /bin/sh;
			shellScript = "\"${PODS_ROOT}/Target Support Files/Pods-MyPlaces/Pods-MyPlaces-frameworks.sh\"\n";
			showEnvVarsInLog = 0;
		};
/* End PBXShellScriptBuildPhase section */

/* Begin PBXSourcesBuildPhase section */
		7B11E8A6245202AD003882C0 /* Sources */ = {
			isa = PBXSourcesBuildPhase;
			buildActionMask = 2147483647;
			files = (
				7B11E8C224520964003882C0 /* MainViewController.swift in Sources */,
				7B10CE6A2459B5050050D954 /* NewPlaceViewController.swift in Sources */,
				7B11E8AE245202AD003882C0 /* AppDelegate.swift in Sources */,
				7B8ACD7F2460567C00E5A13F /* StorageManager.swift in Sources */,
				7B5ED8A62469A052001372B2 /* MapViewController.swift in Sources */,
				7B649C232486E2F500A416E9 /* SceneDelegate.swift in Sources */,
				7BBC6FB024589B1A003AE09F /* PlaceModel.swift in Sources */,
				7B8E303024858C3400A13E8F /* MapManager.swift in Sources */,
				7BBC6FAE24588DC9003AE09F /* CustomTableViewCell.swift in Sources */,
				7BF19FE92468001600427D45 /* RaitingControl.swift in Sources */,
			);
			runOnlyForDeploymentPostprocessing = 0;
		};
/* End PBXSourcesBuildPhase section */

/* Begin PBXVariantGroup section */
		7B11E8B3245202AD003882C0 /* Main.storyboard */ = {
			isa = PBXVariantGroup;
			children = (
				7B11E8B4245202AD003882C0 /* Base */,
			);
			name = Main.storyboard;
			sourceTree = "<group>";
		};
		7B11E8B8245202AE003882C0 /* LaunchScreen.storyboard */ = {
			isa = PBXVariantGroup;
			children = (
				7B11E8B9245202AE003882C0 /* Base */,
			);
			name = LaunchScreen.storyboard;
			sourceTree = "<group>";
		};
/* End PBXVariantGroup section */

/* Begin XCBuildConfiguration section */
		7B11E8BC245202AE003882C0 /* Debug */ = {
			isa = XCBuildConfiguration;
			buildSettings = {
				ALWAYS_SEARCH_USER_PATHS = NO;
				CLANG_ANALYZER_NONNULL = YES;
				CLANG_ANALYZER_NUMBER_OBJECT_CONVERSION = YES_AGGRESSIVE;
				CLANG_CXX_LANGUAGE_STANDARD = "gnu++14";
				CLANG_CXX_LIBRARY = "libc++";
				CLANG_ENABLE_MODULES = YES;
				CLANG_ENABLE_OBJC_ARC = YES;
				CLANG_ENABLE_OBJC_WEAK = YES;
				CLANG_WARN_BLOCK_CAPTURE_AUTORELEASING = YES;
				CLANG_WARN_BOOL_CONVERSION = YES;
				CLANG_WARN_COMMA = YES;
				CLANG_WARN_CONSTANT_CONVERSION = YES;
				CLANG_WARN_DEPRECATED_OBJC_IMPLEMENTATIONS = YES;
				CLANG_WARN_DIRECT_OBJC_ISA_USAGE = YES_ERROR;
				CLANG_WARN_DOCUMENTATION_COMMENTS = YES;
				CLANG_WARN_EMPTY_BODY = YES;
				CLANG_WARN_ENUM_CONVERSION = YES;
				CLANG_WARN_INFINITE_RECURSION = YES;
				CLANG_WARN_INT_CONVERSION = YES;
				CLANG_WARN_NON_LITERAL_NULL_CONVERSION = YES;
				CLANG_WARN_OBJC_IMPLICIT_RETAIN_SELF = YES;
				CLANG_WARN_OBJC_LITERAL_CONVERSION = YES;
				CLANG_WARN_OBJC_ROOT_CLASS = YES_ERROR;
				CLANG_WARN_RANGE_LOOP_ANALYSIS = YES;
				CLANG_WARN_STRICT_PROTOTYPES = YES;
				CLANG_WARN_SUSPICIOUS_MOVE = YES;
				CLANG_WARN_UNGUARDED_AVAILABILITY = YES_AGGRESSIVE;
				CLANG_WARN_UNREACHABLE_CODE = YES;
				CLANG_WARN__DUPLICATE_METHOD_MATCH = YES;
				COPY_PHASE_STRIP = NO;
				DEBUG_INFORMATION_FORMAT = dwarf;
				ENABLE_STRICT_OBJC_MSGSEND = YES;
				ENABLE_TESTABILITY = YES;
				GCC_C_LANGUAGE_STANDARD = gnu11;
				GCC_DYNAMIC_NO_PIC = NO;
				GCC_NO_COMMON_BLOCKS = YES;
				GCC_OPTIMIZATION_LEVEL = 0;
				GCC_PREPROCESSOR_DEFINITIONS = (
					"DEBUG=1",
					"$(inherited)",
				);
				GCC_WARN_64_TO_32_BIT_CONVERSION = YES;
				GCC_WARN_ABOUT_RETURN_TYPE = YES_ERROR;
				GCC_WARN_UNDECLARED_SELECTOR = YES;
				GCC_WARN_UNINITIALIZED_AUTOS = YES_AGGRESSIVE;
				GCC_WARN_UNUSED_FUNCTION = YES;
				GCC_WARN_UNUSED_VARIABLE = YES;
				IPHONEOS_DEPLOYMENT_TARGET = 13.4;
				MTL_ENABLE_DEBUG_INFO = INCLUDE_SOURCE;
				MTL_FAST_MATH = YES;
				ONLY_ACTIVE_ARCH = YES;
				SDKROOT = iphoneos;
				SWIFT_ACTIVE_COMPILATION_CONDITIONS = DEBUG;
				SWIFT_OPTIMIZATION_LEVEL = "-Onone";
			};
			name = Debug;
		};
		7B11E8BD245202AE003882C0 /* Release */ = {
			isa = XCBuildConfiguration;
			buildSettings = {
				ALWAYS_SEARCH_USER_PATHS = NO;
				CLANG_ANALYZER_NONNULL = YES;
				CLANG_ANALYZER_NUMBER_OBJECT_CONVERSION = YES_AGGRESSIVE;
				CLANG_CXX_LANGUAGE_STANDARD = "gnu++14";
				CLANG_CXX_LIBRARY = "libc++";
				CLANG_ENABLE_MODULES = YES;
				CLANG_ENABLE_OBJC_ARC = YES;
				CLANG_ENABLE_OBJC_WEAK = YES;
				CLANG_WARN_BLOCK_CAPTURE_AUTORELEASING = YES;
				CLANG_WARN_BOOL_CONVERSION = YES;
				CLANG_WARN_COMMA = YES;
				CLANG_WARN_CONSTANT_CONVERSION = YES;
				CLANG_WARN_DEPRECATED_OBJC_IMPLEMENTATIONS = YES;
				CLANG_WARN_DIRECT_OBJC_ISA_USAGE = YES_ERROR;
				CLANG_WARN_DOCUMENTATION_COMMENTS = YES;
				CLANG_WARN_EMPTY_BODY = YES;
				CLANG_WARN_ENUM_CONVERSION = YES;
				CLANG_WARN_INFINITE_RECURSION = YES;
				CLANG_WARN_INT_CONVERSION = YES;
				CLANG_WARN_NON_LITERAL_NULL_CONVERSION = YES;
				CLANG_WARN_OBJC_IMPLICIT_RETAIN_SELF = YES;
				CLANG_WARN_OBJC_LITERAL_CONVERSION = YES;
				CLANG_WARN_OBJC_ROOT_CLASS = YES_ERROR;
				CLANG_WARN_RANGE_LOOP_ANALYSIS = YES;
				CLANG_WARN_STRICT_PROTOTYPES = YES;
				CLANG_WARN_SUSPICIOUS_MOVE = YES;
				CLANG_WARN_UNGUARDED_AVAILABILITY = YES_AGGRESSIVE;
				CLANG_WARN_UNREACHABLE_CODE = YES;
				CLANG_WARN__DUPLICATE_METHOD_MATCH = YES;
				COPY_PHASE_STRIP = NO;
				DEBUG_INFORMATION_FORMAT = "dwarf-with-dsym";
				ENABLE_NS_ASSERTIONS = NO;
				ENABLE_STRICT_OBJC_MSGSEND = YES;
				GCC_C_LANGUAGE_STANDARD = gnu11;
				GCC_NO_COMMON_BLOCKS = YES;
				GCC_WARN_64_TO_32_BIT_CONVERSION = YES;
				GCC_WARN_ABOUT_RETURN_TYPE = YES_ERROR;
				GCC_WARN_UNDECLARED_SELECTOR = YES;
				GCC_WARN_UNINITIALIZED_AUTOS = YES_AGGRESSIVE;
				GCC_WARN_UNUSED_FUNCTION = YES;
				GCC_WARN_UNUSED_VARIABLE = YES;
				IPHONEOS_DEPLOYMENT_TARGET = 13.4;
				MTL_ENABLE_DEBUG_INFO = NO;
				MTL_FAST_MATH = YES;
				SDKROOT = iphoneos;
				SWIFT_COMPILATION_MODE = wholemodule;
				SWIFT_OPTIMIZATION_LEVEL = "-O";
				VALIDATE_PRODUCT = YES;
			};
			name = Release;
		};
		7B11E8BF245202AE003882C0 /* Debug */ = {
			isa = XCBuildConfiguration;
			baseConfigurationReference = 3E72D3FCE806588DE564D2B0 /* Pods-MyPlaces.debug.xcconfig */;
			buildSettings = {
				ASSETCATALOG_COMPILER_APPICON_NAME = AppIcon;
				CODE_SIGN_STYLE = Automatic;
				DEVELOPMENT_TEAM = CQP6985QX3;
				INFOPLIST_FILE = "$(SRCROOT)/MyPlaces/Support Files/Info.plist";
				LD_RUNPATH_SEARCH_PATHS = (
					"$(inherited)",
					"@executable_path/Frameworks",
				);
				PRODUCT_BUNDLE_IDENTIFIER = Blackwood.MyPlaces;
				PRODUCT_NAME = "$(TARGET_NAME)";
				SWIFT_VERSION = 5.0;
				TARGETED_DEVICE_FAMILY = 1;
			};
			name = Debug;
		};
		7B11E8C0245202AE003882C0 /* Release */ = {
			isa = XCBuildConfiguration;
			baseConfigurationReference = 145AD7C1204258220E158046 /* Pods-MyPlaces.release.xcconfig */;
			buildSettings = {
				ASSETCATALOG_COMPILER_APPICON_NAME = AppIcon;
				CODE_SIGN_STYLE = Automatic;
				DEVELOPMENT_TEAM = CQP6985QX3;
				INFOPLIST_FILE = "$(SRCROOT)/MyPlaces/Support Files/Info.plist";
				LD_RUNPATH_SEARCH_PATHS = (
					"$(inherited)",
					"@executable_path/Frameworks",
				);
				PRODUCT_BUNDLE_IDENTIFIER = Blackwood.MyPlaces;
				PRODUCT_NAME = "$(TARGET_NAME)";
				SWIFT_VERSION = 5.0;
				TARGETED_DEVICE_FAMILY = 1;
			};
			name = Release;
		};
/* End XCBuildConfiguration section */

/* Begin XCConfigurationList section */
		7B11E8A5245202AD003882C0 /* Build configuration list for PBXProject "MyPlaces" */ = {
			isa = XCConfigurationList;
			buildConfigurations = (
				7B11E8BC245202AE003882C0 /* Debug */,
				7B11E8BD245202AE003882C0 /* Release */,
			);
			defaultConfigurationIsVisible = 0;
			defaultConfigurationName = Release;
		};
		7B11E8BE245202AE003882C0 /* Build configuration list for PBXNativeTarget "MyPlaces" */ = {
			isa = XCConfigurationList;
			buildConfigurations = (
				7B11E8BF245202AE003882C0 /* Debug */,
				7B11E8C0245202AE003882C0 /* Release */,
			);
			defaultConfigurationIsVisible = 0;
			defaultConfigurationName = Release;
		};
/* End XCConfigurationList section */
	};
	rootObject = 7B11E8A2245202AD003882C0 /* Project object */;
}
